
Microsoft Visual Studio Solution File, Format Version 12.00
# Visual Studio 15
VisualStudioVersion = 15.0.26228.4
MinimumVisualStudioVersion = 10.0.40219.1
Project("{FAE04EC0-301F-11D3-BF4B-00C04F79EFBC}") = "perfectlife.droid", "PerfectLife\PerfectLife.Droid\perfectlife.droid.csproj", "{095A1F7A-B4EB-442B-BEC7-E186AE297794}"
EndProject
Project("{FAE04EC0-301F-11D3-BF4B-00C04F79EFBC}") = "perfectlife.ios", "PerfectLife\PerfectLife.iOS\perfectlife.ios.csproj", "{CCEF38E4-8EA6-4140-83C4-74ECE3721F7A}"
EndProject
Project("{FAE04EC0-301F-11D3-BF4B-00C04F79EFBC}") = "perfectlife", "PerfectLife\PerfectLife\perfectlife.csproj", "{68E53AA6-33EE-4553-A6B0-26B9D558C25E}"
EndProject
Project("{FAE04EC0-301F-11D3-BF4B-00C04F79EFBC}") = "Specs", "Specs\Specs.csproj", "{45596E7C-8DE3-49E9-97E5-3B0A32CCDB45}"
EndProject
Project("{FAE04EC0-301F-11D3-BF4B-00C04F79EFBC}") = "PerfectLifeWebService", "PerfectLifeWeb\PerfectLifeWebService.csproj", "{813BDCF0-E09B-40A6-B7DF-5670855689D9}"
EndProject
Project("{FAE04EC0-301F-11D3-BF4B-00C04F79EFBC}") = "PerfectLifeWebService.Test", "PerfectLifeWebService.Test\PerfectLifeWebService.Test.csproj", "{5FC358EF-7E68-41F6-B3B1-2B222D708F05}"
EndProject
Project("{FAE04EC0-301F-11D3-BF4B-00C04F79EFBC}") = "perfectlife.test", "perfectlife.test\perfectlife.test.csproj", "{B81C8723-04AB-4D5E-9F53-90CE9DF0DA6C}"
EndProject
Global
	GlobalSection(SolutionConfigurationPlatforms) = preSolution
		Ad-Hoc|Any CPU = Ad-Hoc|Any CPU
		Ad-Hoc|iPhone = Ad-Hoc|iPhone
		Ad-Hoc|iPhoneSimulator = Ad-Hoc|iPhoneSimulator
		AppStore|Any CPU = AppStore|Any CPU
		AppStore|iPhone = AppStore|iPhone
		AppStore|iPhoneSimulator = AppStore|iPhoneSimulator
		Debug|Any CPU = Debug|Any CPU
		Debug|iPhone = Debug|iPhone
		Debug|iPhoneSimulator = Debug|iPhoneSimulator
		Release|Any CPU = Release|Any CPU
		Release|iPhone = Release|iPhone
		Release|iPhoneSimulator = Release|iPhoneSimulator
	EndGlobalSection
	GlobalSection(ProjectConfigurationPlatforms) = postSolution
		{095A1F7A-B4EB-442B-BEC7-E186AE297794}.Ad-Hoc|Any CPU.ActiveCfg = Release|Any CPU
		{095A1F7A-B4EB-442B-BEC7-E186AE297794}.Ad-Hoc|Any CPU.Build.0 = Release|Any CPU
		{095A1F7A-B4EB-442B-BEC7-E186AE297794}.Ad-Hoc|Any CPU.Deploy.0 = Release|Any CPU
		{095A1F7A-B4EB-442B-BEC7-E186AE297794}.Ad-Hoc|iPhone.ActiveCfg = Release|Any CPU
		{095A1F7A-B4EB-442B-BEC7-E186AE297794}.Ad-Hoc|iPhone.Build.0 = Release|Any CPU
		{095A1F7A-B4EB-442B-BEC7-E186AE297794}.Ad-Hoc|iPhone.Deploy.0 = Release|Any CPU
		{095A1F7A-B4EB-442B-BEC7-E186AE297794}.Ad-Hoc|iPhoneSimulator.ActiveCfg = Release|Any CPU
		{095A1F7A-B4EB-442B-BEC7-E186AE297794}.Ad-Hoc|iPhoneSimulator.Build.0 = Release|Any CPU
		{095A1F7A-B4EB-442B-BEC7-E186AE297794}.Ad-Hoc|iPhoneSimulator.Deploy.0 = Release|Any CPU
		{095A1F7A-B4EB-442B-BEC7-E186AE297794}.AppStore|Any CPU.ActiveCfg = Release|Any CPU
		{095A1F7A-B4EB-442B-BEC7-E186AE297794}.AppStore|Any CPU.Build.0 = Release|Any CPU
		{095A1F7A-B4EB-442B-BEC7-E186AE297794}.AppStore|Any CPU.Deploy.0 = Release|Any CPU
		{095A1F7A-B4EB-442B-BEC7-E186AE297794}.AppStore|iPhone.ActiveCfg = Release|Any CPU
		{095A1F7A-B4EB-442B-BEC7-E186AE297794}.AppStore|iPhone.Build.0 = Release|Any CPU
		{095A1F7A-B4EB-442B-BEC7-E186AE297794}.AppStore|iPhone.Deploy.0 = Release|Any CPU
		{095A1F7A-B4EB-442B-BEC7-E186AE297794}.AppStore|iPhoneSimulator.ActiveCfg = Release|Any CPU
		{095A1F7A-B4EB-442B-BEC7-E186AE297794}.AppStore|iPhoneSimulator.Build.0 = Release|Any CPU
		{095A1F7A-B4EB-442B-BEC7-E186AE297794}.AppStore|iPhoneSimulator.Deploy.0 = Release|Any CPU
		{095A1F7A-B4EB-442B-BEC7-E186AE297794}.Debug|Any CPU.ActiveCfg = Debug|Any CPU
		{095A1F7A-B4EB-442B-BEC7-E186AE297794}.Debug|Any CPU.Build.0 = Debug|Any CPU
		{095A1F7A-B4EB-442B-BEC7-E186AE297794}.Debug|Any CPU.Deploy.0 = Debug|Any CPU
		{095A1F7A-B4EB-442B-BEC7-E186AE297794}.Debug|iPhone.ActiveCfg = Debug|Any CPU
		{095A1F7A-B4EB-442B-BEC7-E186AE297794}.Debug|iPhone.Build.0 = Debug|Any CPU
		{095A1F7A-B4EB-442B-BEC7-E186AE297794}.Debug|iPhone.Deploy.0 = Debug|Any CPU
		{095A1F7A-B4EB-442B-BEC7-E186AE297794}.Debug|iPhoneSimulator.ActiveCfg = Debug|Any CPU
		{095A1F7A-B4EB-442B-BEC7-E186AE297794}.Debug|iPhoneSimulator.Build.0 = Debug|Any CPU
		{095A1F7A-B4EB-442B-BEC7-E186AE297794}.Debug|iPhoneSimulator.Deploy.0 = Debug|Any CPU
		{095A1F7A-B4EB-442B-BEC7-E186AE297794}.Release|Any CPU.ActiveCfg = Release|Any CPU
		{095A1F7A-B4EB-442B-BEC7-E186AE297794}.Release|Any CPU.Build.0 = Release|Any CPU
		{095A1F7A-B4EB-442B-BEC7-E186AE297794}.Release|Any CPU.Deploy.0 = Release|Any CPU
		{095A1F7A-B4EB-442B-BEC7-E186AE297794}.Release|iPhone.ActiveCfg = Release|Any CPU
		{095A1F7A-B4EB-442B-BEC7-E186AE297794}.Release|iPhone.Build.0 = Release|Any CPU
		{095A1F7A-B4EB-442B-BEC7-E186AE297794}.Release|iPhone.Deploy.0 = Release|Any CPU
		{095A1F7A-B4EB-442B-BEC7-E186AE297794}.Release|iPhoneSimulator.ActiveCfg = Release|Any CPU
		{095A1F7A-B4EB-442B-BEC7-E186AE297794}.Release|iPhoneSimulator.Build.0 = Release|Any CPU
		{095A1F7A-B4EB-442B-BEC7-E186AE297794}.Release|iPhoneSimulator.Deploy.0 = Release|Any CPU
		{CCEF38E4-8EA6-4140-83C4-74ECE3721F7A}.Ad-Hoc|Any CPU.ActiveCfg = Ad-Hoc|iPhone
		{CCEF38E4-8EA6-4140-83C4-74ECE3721F7A}.Ad-Hoc|iPhone.ActiveCfg = Ad-Hoc|iPhone
		{CCEF38E4-8EA6-4140-83C4-74ECE3721F7A}.Ad-Hoc|iPhone.Build.0 = Ad-Hoc|iPhone
		{CCEF38E4-8EA6-4140-83C4-74ECE3721F7A}.Ad-Hoc|iPhoneSimulator.ActiveCfg = Ad-Hoc|iPhoneSimulator
		{CCEF38E4-8EA6-4140-83C4-74ECE3721F7A}.Ad-Hoc|iPhoneSimulator.Build.0 = Ad-Hoc|iPhoneSimulator
		{CCEF38E4-8EA6-4140-83C4-74ECE3721F7A}.AppStore|Any CPU.ActiveCfg = AppStore|iPhone
		{CCEF38E4-8EA6-4140-83C4-74ECE3721F7A}.AppStore|iPhone.ActiveCfg = AppStore|iPhone
		{CCEF38E4-8EA6-4140-83C4-74ECE3721F7A}.AppStore|iPhone.Build.0 = AppStore|iPhone
		{CCEF38E4-8EA6-4140-83C4-74ECE3721F7A}.AppStore|iPhoneSimulator.ActiveCfg = AppStore|iPhoneSimulator
		{CCEF38E4-8EA6-4140-83C4-74ECE3721F7A}.AppStore|iPhoneSimulator.Build.0 = AppStore|iPhoneSimulator
		{CCEF38E4-8EA6-4140-83C4-74ECE3721F7A}.Debug|Any CPU.ActiveCfg = Debug|iPhone
		{CCEF38E4-8EA6-4140-83C4-74ECE3721F7A}.Debug|iPhone.ActiveCfg = Debug|iPhone
		{CCEF38E4-8EA6-4140-83C4-74ECE3721F7A}.Debug|iPhone.Build.0 = Debug|iPhone
		{CCEF38E4-8EA6-4140-83C4-74ECE3721F7A}.Debug|iPhoneSimulator.ActiveCfg = Debug|iPhoneSimulator
		{CCEF38E4-8EA6-4140-83C4-74ECE3721F7A}.Debug|iPhoneSimulator.Build.0 = Debug|iPhoneSimulator
		{CCEF38E4-8EA6-4140-83C4-74ECE3721F7A}.Release|Any CPU.ActiveCfg = Release|iPhone
		{CCEF38E4-8EA6-4140-83C4-74ECE3721F7A}.Release|iPhone.ActiveCfg = Release|iPhone
		{CCEF38E4-8EA6-4140-83C4-74ECE3721F7A}.Release|iPhone.Build.0 = Release|iPhone
		{CCEF38E4-8EA6-4140-83C4-74ECE3721F7A}.Release|iPhoneSimulator.ActiveCfg = Release|iPhoneSimulator
		{CCEF38E4-8EA6-4140-83C4-74ECE3721F7A}.Release|iPhoneSimulator.Build.0 = Release|iPhoneSimulator
		{68E53AA6-33EE-4553-A6B0-26B9D558C25E}.Ad-Hoc|Any CPU.ActiveCfg = Release|Any CPU
		{68E53AA6-33EE-4553-A6B0-26B9D558C25E}.Ad-Hoc|Any CPU.Build.0 = Release|Any CPU
		{68E53AA6-33EE-4553-A6B0-26B9D558C25E}.Ad-Hoc|iPhone.ActiveCfg = Release|Any CPU
		{68E53AA6-33EE-4553-A6B0-26B9D558C25E}.Ad-Hoc|iPhone.Build.0 = Release|Any CPU
		{68E53AA6-33EE-4553-A6B0-26B9D558C25E}.Ad-Hoc|iPhoneSimulator.ActiveCfg = Release|Any CPU
		{68E53AA6-33EE-4553-A6B0-26B9D558C25E}.Ad-Hoc|iPhoneSimulator.Build.0 = Release|Any CPU
		{68E53AA6-33EE-4553-A6B0-26B9D558C25E}.AppStore|Any CPU.ActiveCfg = Release|Any CPU
		{68E53AA6-33EE-4553-A6B0-26B9D558C25E}.AppStore|Any CPU.Build.0 = Release|Any CPU
		{68E53AA6-33EE-4553-A6B0-26B9D558C25E}.AppStore|iPhone.ActiveCfg = Release|Any CPU
		{68E53AA6-33EE-4553-A6B0-26B9D558C25E}.AppStore|iPhone.Build.0 = Release|Any CPU
		{68E53AA6-33EE-4553-A6B0-26B9D558C25E}.AppStore|iPhoneSimulator.ActiveCfg = Release|Any CPU
		{68E53AA6-33EE-4553-A6B0-26B9D558C25E}.AppStore|iPhoneSimulator.Build.0 = Release|Any CPU
		{68E53AA6-33EE-4553-A6B0-26B9D558C25E}.Debug|Any CPU.ActiveCfg = Debug|Any CPU
		{68E53AA6-33EE-4553-A6B0-26B9D558C25E}.Debug|Any CPU.Build.0 = Debug|Any CPU
		{68E53AA6-33EE-4553-A6B0-26B9D558C25E}.Debug|iPhone.ActiveCfg = Debug|Any CPU
		{68E53AA6-33EE-4553-A6B0-26B9D558C25E}.Debug|iPhone.Build.0 = Debug|Any CPU
		{68E53AA6-33EE-4553-A6B0-26B9D558C25E}.Debug|iPhoneSimulator.ActiveCfg = Debug|Any CPU
		{68E53AA6-33EE-4553-A6B0-26B9D558C25E}.Debug|iPhoneSimulator.Build.0 = Debug|Any CPU
		{68E53AA6-33EE-4553-A6B0-26B9D558C25E}.Release|Any CPU.ActiveCfg = Release|Any CPU
		{68E53AA6-33EE-4553-A6B0-26B9D558C25E}.Release|Any CPU.Build.0 = Release|Any CPU
		{68E53AA6-33EE-4553-A6B0-26B9D558C25E}.Release|iPhone.ActiveCfg = Release|Any CPU
		{68E53AA6-33EE-4553-A6B0-26B9D558C25E}.Release|iPhone.Build.0 = Release|Any CPU
		{68E53AA6-33EE-4553-A6B0-26B9D558C25E}.Release|iPhoneSimulator.ActiveCfg = Release|Any CPU
		{68E53AA6-33EE-4553-A6B0-26B9D558C25E}.Release|iPhoneSimulator.Build.0 = Release|Any CPU
		{45596E7C-8DE3-49E9-97E5-3B0A32CCDB45}.Ad-Hoc|Any CPU.ActiveCfg = Release|Any CPU
		{45596E7C-8DE3-49E9-97E5-3B0A32CCDB45}.Ad-Hoc|Any CPU.Build.0 = Release|Any CPU
		{45596E7C-8DE3-49E9-97E5-3B0A32CCDB45}.Ad-Hoc|iPhone.ActiveCfg = Release|Any CPU
		{45596E7C-8DE3-49E9-97E5-3B0A32CCDB45}.Ad-Hoc|iPhone.Build.0 = Release|Any CPU
		{45596E7C-8DE3-49E9-97E5-3B0A32CCDB45}.Ad-Hoc|iPhoneSimulator.ActiveCfg = Release|Any CPU
		{45596E7C-8DE3-49E9-97E5-3B0A32CCDB45}.Ad-Hoc|iPhoneSimulator.Build.0 = Release|Any CPU
		{45596E7C-8DE3-49E9-97E5-3B0A32CCDB45}.AppStore|Any CPU.ActiveCfg = Release|Any CPU
		{45596E7C-8DE3-49E9-97E5-3B0A32CCDB45}.AppStore|Any CPU.Build.0 = Release|Any CPU
		{45596E7C-8DE3-49E9-97E5-3B0A32CCDB45}.AppStore|iPhone.ActiveCfg = Release|Any CPU
		{45596E7C-8DE3-49E9-97E5-3B0A32CCDB45}.AppStore|iPhone.Build.0 = Release|Any CPU
		{45596E7C-8DE3-49E9-97E5-3B0A32CCDB45}.AppStore|iPhoneSimulator.ActiveCfg = Release|Any CPU
		{45596E7C-8DE3-49E9-97E5-3B0A32CCDB45}.AppStore|iPhoneSimulator.Build.0 = Release|Any CPU
		{45596E7C-8DE3-49E9-97E5-3B0A32CCDB45}.Debug|Any CPU.ActiveCfg = Debug|Any CPU
		{45596E7C-8DE3-49E9-97E5-3B0A32CCDB45}.Debug|Any CPU.Build.0 = Debug|Any CPU
		{45596E7C-8DE3-49E9-97E5-3B0A32CCDB45}.Debug|iPhone.ActiveCfg = Debug|Any CPU
		{45596E7C-8DE3-49E9-97E5-3B0A32CCDB45}.Debug|iPhone.Build.0 = Debug|Any CPU
		{45596E7C-8DE3-49E9-97E5-3B0A32CCDB45}.Debug|iPhoneSimulator.ActiveCfg = Debug|Any CPU
		{45596E7C-8DE3-49E9-97E5-3B0A32CCDB45}.Debug|iPhoneSimulator.Build.0 = Debug|Any CPU
		{45596E7C-8DE3-49E9-97E5-3B0A32CCDB45}.Release|Any CPU.ActiveCfg = Release|Any CPU
		{45596E7C-8DE3-49E9-97E5-3B0A32CCDB45}.Release|Any CPU.Build.0 = Release|Any CPU
		{45596E7C-8DE3-49E9-97E5-3B0A32CCDB45}.Release|iPhone.ActiveCfg = Release|Any CPU
		{45596E7C-8DE3-49E9-97E5-3B0A32CCDB45}.Release|iPhone.Build.0 = Release|Any CPU
		{45596E7C-8DE3-49E9-97E5-3B0A32CCDB45}.Release|iPhoneSimulator.ActiveCfg = Release|Any CPU
		{45596E7C-8DE3-49E9-97E5-3B0A32CCDB45}.Release|iPhoneSimulator.Build.0 = Release|Any CPU
		{813BDCF0-E09B-40A6-B7DF-5670855689D9}.Ad-Hoc|Any CPU.ActiveCfg = Debug|Any CPU
		{813BDCF0-E09B-40A6-B7DF-5670855689D9}.Ad-Hoc|Any CPU.Build.0 = Debug|Any CPU
		{813BDCF0-E09B-40A6-B7DF-5670855689D9}.Ad-Hoc|iPhone.ActiveCfg = Debug|Any CPU
		{813BDCF0-E09B-40A6-B7DF-5670855689D9}.Ad-Hoc|iPhone.Build.0 = Debug|Any CPU
		{813BDCF0-E09B-40A6-B7DF-5670855689D9}.Ad-Hoc|iPhoneSimulator.ActiveCfg = Debug|Any CPU
		{813BDCF0-E09B-40A6-B7DF-5670855689D9}.Ad-Hoc|iPhoneSimulator.Build.0 = Debug|Any CPU
		{813BDCF0-E09B-40A6-B7DF-5670855689D9}.AppStore|Any CPU.ActiveCfg = Debug|Any CPU
		{813BDCF0-E09B-40A6-B7DF-5670855689D9}.AppStore|Any CPU.Build.0 = Debug|Any CPU
		{813BDCF0-E09B-40A6-B7DF-5670855689D9}.AppStore|iPhone.ActiveCfg = Debug|Any CPU
		{813BDCF0-E09B-40A6-B7DF-5670855689D9}.AppStore|iPhone.Build.0 = Debug|Any CPU
		{813BDCF0-E09B-40A6-B7DF-5670855689D9}.AppStore|iPhoneSimulator.ActiveCfg = Debug|Any CPU
		{813BDCF0-E09B-40A6-B7DF-5670855689D9}.AppStore|iPhoneSimulator.Build.0 = Debug|Any CPU
		{813BDCF0-E09B-40A6-B7DF-5670855689D9}.Debug|Any CPU.ActiveCfg = Debug|Any CPU
		{813BDCF0-E09B-40A6-B7DF-5670855689D9}.Debug|Any CPU.Build.0 = Debug|Any CPU
		{813BDCF0-E09B-40A6-B7DF-5670855689D9}.Debug|iPhone.ActiveCfg = Debug|Any CPU
		{813BDCF0-E09B-40A6-B7DF-5670855689D9}.Debug|iPhone.Build.0 = Debug|Any CPU
		{813BDCF0-E09B-40A6-B7DF-5670855689D9}.Debug|iPhoneSimulator.ActiveCfg = Debug|Any CPU
		{813BDCF0-E09B-40A6-B7DF-5670855689D9}.Debug|iPhoneSimulator.Build.0 = Debug|Any CPU
		{813BDCF0-E09B-40A6-B7DF-5670855689D9}.Release|Any CPU.ActiveCfg = Release|Any CPU
		{813BDCF0-E09B-40A6-B7DF-5670855689D9}.Release|Any CPU.Build.0 = Release|Any CPU
		{813BDCF0-E09B-40A6-B7DF-5670855689D9}.Release|iPhone.ActiveCfg = Release|Any CPU
		{813BDCF0-E09B-40A6-B7DF-5670855689D9}.Release|iPhone.Build.0 = Release|Any CPU
		{813BDCF0-E09B-40A6-B7DF-5670855689D9}.Release|iPhoneSimulator.ActiveCfg = Release|Any CPU
		{813BDCF0-E09B-40A6-B7DF-5670855689D9}.Release|iPhoneSimulator.Build.0 = Release|Any CPU
		{5FC358EF-7E68-41F6-B3B1-2B222D708F05}.Ad-Hoc|Any CPU.ActiveCfg = Debug|Any CPU
		{5FC358EF-7E68-41F6-B3B1-2B222D708F05}.Ad-Hoc|Any CPU.Build.0 = Debug|Any CPU
		{5FC358EF-7E68-41F6-B3B1-2B222D708F05}.Ad-Hoc|iPhone.ActiveCfg = Debug|Any CPU
		{5FC358EF-7E68-41F6-B3B1-2B222D708F05}.Ad-Hoc|iPhone.Build.0 = Debug|Any CPU
		{5FC358EF-7E68-41F6-B3B1-2B222D708F05}.Ad-Hoc|iPhoneSimulator.ActiveCfg = Debug|Any CPU
		{5FC358EF-7E68-41F6-B3B1-2B222D708F05}.Ad-Hoc|iPhoneSimulator.Build.0 = Debug|Any CPU
		{5FC358EF-7E68-41F6-B3B1-2B222D708F05}.AppStore|Any CPU.ActiveCfg = Debug|Any CPU
		{5FC358EF-7E68-41F6-B3B1-2B222D708F05}.AppStore|Any CPU.Build.0 = Debug|Any CPU
		{5FC358EF-7E68-41F6-B3B1-2B222D708F05}.AppStore|iPhone.ActiveCfg = Debug|Any CPU
		{5FC358EF-7E68-41F6-B3B1-2B222D708F05}.AppStore|iPhone.Build.0 = Debug|Any CPU
		{5FC358EF-7E68-41F6-B3B1-2B222D708F05}.AppStore|iPhoneSimulator.ActiveCfg = Debug|Any CPU
		{5FC358EF-7E68-41F6-B3B1-2B222D708F05}.AppStore|iPhoneSimulator.Build.0 = Debug|Any CPU
		{5FC358EF-7E68-41F6-B3B1-2B222D708F05}.Debug|Any CPU.ActiveCfg = Debug|Any CPU
		{5FC358EF-7E68-41F6-B3B1-2B222D708F05}.Debug|Any CPU.Build.0 = Debug|Any CPU
		{5FC358EF-7E68-41F6-B3B1-2B222D708F05}.Debug|iPhone.ActiveCfg = Debug|Any CPU
		{5FC358EF-7E68-41F6-B3B1-2B222D708F05}.Debug|iPhone.Build.0 = Debug|Any CPU
		{5FC358EF-7E68-41F6-B3B1-2B222D708F05}.Debug|iPhoneSimulator.ActiveCfg = Debug|Any CPU
		{5FC358EF-7E68-41F6-B3B1-2B222D708F05}.Debug|iPhoneSimulator.Build.0 = Debug|Any CPU
		{5FC358EF-7E68-41F6-B3B1-2B222D708F05}.Release|Any CPU.ActiveCfg = Release|Any CPU
		{5FC358EF-7E68-41F6-B3B1-2B222D708F05}.Release|Any CPU.Build.0 = Release|Any CPU
		{5FC358EF-7E68-41F6-B3B1-2B222D708F05}.Release|iPhone.ActiveCfg = Release|Any CPU
		{5FC358EF-7E68-41F6-B3B1-2B222D708F05}.Release|iPhone.Build.0 = Release|Any CPU
		{5FC358EF-7E68-41F6-B3B1-2B222D708F05}.Release|iPhoneSimulator.ActiveCfg = Release|Any CPU
		{5FC358EF-7E68-41F6-B3B1-2B222D708F05}.Release|iPhoneSimulator.Build.0 = Release|Any CPU
		{B81C8723-04AB-4D5E-9F53-90CE9DF0DA6C}.Ad-Hoc|Any CPU.ActiveCfg = Release|Any CPU
		{B81C8723-04AB-4D5E-9F53-90CE9DF0DA6C}.Ad-Hoc|Any CPU.Build.0 = Release|Any CPU
		{B81C8723-04AB-4D5E-9F53-90CE9DF0DA6C}.Ad-Hoc|iPhone.ActiveCfg = Release|Any CPU
		{B81C8723-04AB-4D5E-9F53-90CE9DF0DA6C}.Ad-Hoc|iPhone.Build.0 = Release|Any CPU
		{B81C8723-04AB-4D5E-9F53-90CE9DF0DA6C}.Ad-Hoc|iPhoneSimulator.ActiveCfg = Release|Any CPU
		{B81C8723-04AB-4D5E-9F53-90CE9DF0DA6C}.Ad-Hoc|iPhoneSimulator.Build.0 = Release|Any CPU
		{B81C8723-04AB-4D5E-9F53-90CE9DF0DA6C}.AppStore|Any CPU.ActiveCfg = Release|Any CPU
		{B81C8723-04AB-4D5E-9F53-90CE9DF0DA6C}.AppStore|Any CPU.Build.0 = Release|Any CPU
		{B81C8723-04AB-4D5E-9F53-90CE9DF0DA6C}.AppStore|iPhone.ActiveCfg = Release|Any CPU
		{B81C8723-04AB-4D5E-9F53-90CE9DF0DA6C}.AppStore|iPhone.Build.0 = Release|Any CPU
		{B81C8723-04AB-4D5E-9F53-90CE9DF0DA6C}.AppStore|iPhoneSimulator.ActiveCfg = Release|Any CPU
		{B81C8723-04AB-4D5E-9F53-90CE9DF0DA6C}.AppStore|iPhoneSimulator.Build.0 = Release|Any CPU
		{B81C8723-04AB-4D5E-9F53-90CE9DF0DA6C}.Debug|Any CPU.ActiveCfg = Debug|Any CPU
		{B81C8723-04AB-4D5E-9F53-90CE9DF0DA6C}.Debug|Any CPU.Build.0 = Debug|Any CPU
		{B81C8723-04AB-4D5E-9F53-90CE9DF0DA6C}.Debug|iPhone.ActiveCfg = Debug|Any CPU
		{B81C8723-04AB-4D5E-9F53-90CE9DF0DA6C}.Debug|iPhone.Build.0 = Debug|Any CPU
		{B81C8723-04AB-4D5E-9F53-90CE9DF0DA6C}.Debug|iPhoneSimulator.ActiveCfg = Debug|Any CPU
		{B81C8723-04AB-4D5E-9F53-90CE9DF0DA6C}.Debug|iPhoneSimulator.Build.0 = Debug|Any CPU
		{B81C8723-04AB-4D5E-9F53-90CE9DF0DA6C}.Release|Any CPU.ActiveCfg = Release|Any CPU
		{B81C8723-04AB-4D5E-9F53-90CE9DF0DA6C}.Release|Any CPU.Build.0 = Release|Any CPU
		{B81C8723-04AB-4D5E-9F53-90CE9DF0DA6C}.Release|iPhone.ActiveCfg = Release|Any CPU
		{B81C8723-04AB-4D5E-9F53-90CE9DF0DA6C}.Release|iPhone.Build.0 = Release|Any CPU
		{B81C8723-04AB-4D5E-9F53-90CE9DF0DA6C}.Release|iPhoneSimulator.ActiveCfg = Release|Any CPU
		{B81C8723-04AB-4D5E-9F53-90CE9DF0DA6C}.Release|iPhoneSimulator.Build.0 = Release|Any CPU
	EndGlobalSection
	GlobalSection(SolutionProperties) = preSolution
		HideSolutionNode = FALSE
	EndGlobalSection
EndGlobal
